
Microsoft Visual Studio Solution File, Format Version 12.00
# Visual Studio Version 16
VisualStudioVersion = 16.0.28803.156
MinimumVisualStudioVersion = 10.0.40219.1
Project("{FAE04EC0-301F-11D3-BF4B-00C04F79EFBC}") = "SchulNetzApp.UWP", "SchulNetzApp\SchulNetzApp.UWP\SchulNetzApp.UWP.csproj", "{021383A1-7307-4D31-A019-580DD1B51D9A}"
EndProject
Project("{FAE04EC0-301F-11D3-BF4B-00C04F79EFBC}") = "SchulNetzApp.Android", "SchulNetzApp\SchulNetzApp.Android\SchulNetzApp.Android.csproj", "{129B7DF5-96A3-4234-811C-94E4F6FFE24B}"
EndProject
Project("{FAE04EC0-301F-11D3-BF4B-00C04F79EFBC}") = "SchulNetzApp.iOS", "SchulNetzApp\SchulNetzApp.iOS\SchulNetzApp.iOS.csproj", "{C01C8381-79FB-4E49-8323-36253C1FC8AA}"
EndProject
Project("{FAE04EC0-301F-11D3-BF4B-00C04F79EFBC}") = "SchulNetzApp", "SchulNetzApp\SchulNetzApp\SchulNetzApp.csproj", "{49643855-95C5-452B-B35B-780304D5F240}"
EndProject
Global
	GlobalSection(SolutionConfigurationPlatforms) = preSolution
		Debug|Any CPU = Debug|Any CPU
		Debug|ARM = Debug|ARM
		Debug|iPhone = Debug|iPhone
		Debug|iPhoneSimulator = Debug|iPhoneSimulator
		Debug|x64 = Debug|x64
		Debug|x86 = Debug|x86
		Release|Any CPU = Release|Any CPU
		Release|ARM = Release|ARM
		Release|iPhone = Release|iPhone
		Release|iPhoneSimulator = Release|iPhoneSimulator
		Release|x64 = Release|x64
		Release|x86 = Release|x86
	EndGlobalSection
	GlobalSection(ProjectConfigurationPlatforms) = postSolution
		{021383A1-7307-4D31-A019-580DD1B51D9A}.Debug|Any CPU.ActiveCfg = Debug|x86
		{021383A1-7307-4D31-A019-580DD1B51D9A}.Debug|Any CPU.Build.0 = Debug|x86
		{021383A1-7307-4D31-A019-580DD1B51D9A}.Debug|Any CPU.Deploy.0 = Debug|x86
		{021383A1-7307-4D31-A019-580DD1B51D9A}.Debug|ARM.ActiveCfg = Debug|ARM
		{021383A1-7307-4D31-A019-580DD1B51D9A}.Debug|ARM.Build.0 = Debug|ARM
		{021383A1-7307-4D31-A019-580DD1B51D9A}.Debug|ARM.Deploy.0 = Debug|ARM
		{021383A1-7307-4D31-A019-580DD1B51D9A}.Debug|iPhone.ActiveCfg = Debug|x86
		{021383A1-7307-4D31-A019-580DD1B51D9A}.Debug|iPhone.Build.0 = Debug|x86
		{021383A1-7307-4D31-A019-580DD1B51D9A}.Debug|iPhone.Deploy.0 = Debug|x86
		{021383A1-7307-4D31-A019-580DD1B51D9A}.Debug|iPhoneSimulator.ActiveCfg = Debug|x86
		{021383A1-7307-4D31-A019-580DD1B51D9A}.Debug|iPhoneSimulator.Build.0 = Debug|x86
		{021383A1-7307-4D31-A019-580DD1B51D9A}.Debug|iPhoneSimulator.Deploy.0 = Debug|x86
		{021383A1-7307-4D31-A019-580DD1B51D9A}.Debug|x64.ActiveCfg = Debug|x64
		{021383A1-7307-4D31-A019-580DD1B51D9A}.Debug|x64.Build.0 = Debug|x64
		{021383A1-7307-4D31-A019-580DD1B51D9A}.Debug|x64.Deploy.0 = Debug|x64
		{021383A1-7307-4D31-A019-580DD1B51D9A}.Debug|x86.ActiveCfg = Debug|x86
		{021383A1-7307-4D31-A019-580DD1B51D9A}.Debug|x86.Build.0 = Debug|x86
		{021383A1-7307-4D31-A019-580DD1B51D9A}.Debug|x86.Deploy.0 = Debug|x86
		{021383A1-7307-4D31-A019-580DD1B51D9A}.Release|Any CPU.ActiveCfg = Release|x86
		{021383A1-7307-4D31-A019-580DD1B51D9A}.Release|Any CPU.Build.0 = Release|x86
		{021383A1-7307-4D31-A019-580DD1B51D9A}.Release|Any CPU.Deploy.0 = Release|x86
		{021383A1-7307-4D31-A019-580DD1B51D9A}.Release|ARM.ActiveCfg = Release|ARM
		{021383A1-7307-4D31-A019-580DD1B51D9A}.Release|ARM.Build.0 = Release|ARM
		{021383A1-7307-4D31-A019-580DD1B51D9A}.Release|ARM.Deploy.0 = Release|ARM
		{021383A1-7307-4D31-A019-580DD1B51D9A}.Release|iPhone.ActiveCfg = Release|x86
		{021383A1-7307-4D31-A019-580DD1B51D9A}.Release|iPhone.Build.0 = Release|x86
		{021383A1-7307-4D31-A019-580DD1B51D9A}.Release|iPhone.Deploy.0 = Release|x86
		{021383A1-7307-4D31-A019-580DD1B51D9A}.Release|iPhoneSimulator.ActiveCfg = Release|x86
		{021383A1-7307-4D31-A019-580DD1B51D9A}.Release|iPhoneSimulator.Build.0 = Release|x86
		{021383A1-7307-4D31-A019-580DD1B51D9A}.Release|iPhoneSimulator.Deploy.0 = Release|x86
		{021383A1-7307-4D31-A019-580DD1B51D9A}.Release|x64.ActiveCfg = Release|x64
		{021383A1-7307-4D31-A019-580DD1B51D9A}.Release|x64.Build.0 = Release|x64
		{021383A1-7307-4D31-A019-580DD1B51D9A}.Release|x64.Deploy.0 = Release|x64
		{021383A1-7307-4D31-A019-580DD1B51D9A}.Release|x86.ActiveCfg = Release|x86
		{021383A1-7307-4D31-A019-580DD1B51D9A}.Release|x86.Build.0 = Release|x86
		{021383A1-7307-4D31-A019-580DD1B51D9A}.Release|x86.Deploy.0 = Release|x86
		{129B7DF5-96A3-4234-811C-94E4F6FFE24B}.Debug|Any CPU.ActiveCfg = Debug|Any CPU
		{129B7DF5-96A3-4234-811C-94E4F6FFE24B}.Debug|Any CPU.Build.0 = Debug|Any CPU
		{129B7DF5-96A3-4234-811C-94E4F6FFE24B}.Debug|Any CPU.Deploy.0 = Debug|Any CPU
		{129B7DF5-96A3-4234-811C-94E4F6FFE24B}.Debug|ARM.ActiveCfg = Debug|Any CPU
		{129B7DF5-96A3-4234-811C-94E4F6FFE24B}.Debug|ARM.Build.0 = Debug|Any CPU
		{129B7DF5-96A3-4234-811C-94E4F6FFE24B}.Debug|ARM.Deploy.0 = Debug|Any CPU
		{129B7DF5-96A3-4234-811C-94E4F6FFE24B}.Debug|iPhone.ActiveCfg = Debug|Any CPU
		{129B7DF5-96A3-4234-811C-94E4F6FFE24B}.Debug|iPhone.Build.0 = Debug|Any CPU
		{129B7DF5-96A3-4234-811C-94E4F6FFE24B}.Debug|iPhone.Deploy.0 = Debug|Any CPU
		{129B7DF5-96A3-4234-811C-94E4F6FFE24B}.Debug|iPhoneSimulator.ActiveCfg = Debug|Any CPU
		{129B7DF5-96A3-4234-811C-94E4F6FFE24B}.Debug|iPhoneSimulator.Build.0 = Debug|Any CPU
		{129B7DF5-96A3-4234-811C-94E4F6FFE24B}.Debug|iPhoneSimulator.Deploy.0 = Debug|Any CPU
		{129B7DF5-96A3-4234-811C-94E4F6FFE24B}.Debug|x64.ActiveCfg = Debug|Any CPU
		{129B7DF5-96A3-4234-811C-94E4F6FFE24B}.Debug|x64.Build.0 = Debug|Any CPU
		{129B7DF5-96A3-4234-811C-94E4F6FFE24B}.Debug|x64.Deploy.0 = Debug|Any CPU
		{129B7DF5-96A3-4234-811C-94E4F6FFE24B}.Debug|x86.ActiveCfg = Debug|Any CPU
		{129B7DF5-96A3-4234-811C-94E4F6FFE24B}.Debug|x86.Build.0 = Debug|Any CPU
		{129B7DF5-96A3-4234-811C-94E4F6FFE24B}.Debug|x86.Deploy.0 = Debug|Any CPU
		{129B7DF5-96A3-4234-811C-94E4F6FFE24B}.Release|Any CPU.ActiveCfg = Release|Any CPU
		{129B7DF5-96A3-4234-811C-94E4F6FFE24B}.Release|Any CPU.Build.0 = Release|Any CPU
		{129B7DF5-96A3-4234-811C-94E4F6FFE24B}.Release|Any CPU.Deploy.0 = Release|Any CPU
		{129B7DF5-96A3-4234-811C-94E4F6FFE24B}.Release|ARM.ActiveCfg = Release|Any CPU
		{129B7DF5-96A3-4234-811C-94E4F6FFE24B}.Release|ARM.Build.0 = Release|Any CPU
		{129B7DF5-96A3-4234-811C-94E4F6FFE24B}.Release|ARM.Deploy.0 = Release|Any CPU
		{129B7DF5-96A3-4234-811C-94E4F6FFE24B}.Release|iPhone.ActiveCfg = Release|Any CPU
		{129B7DF5-96A3-4234-811C-94E4F6FFE24B}.Release|iPhone.Build.0 = Release|Any CPU
		{129B7DF5-96A3-4234-811C-94E4F6FFE24B}.Release|iPhone.Deploy.0 = Release|Any CPU
		{129B7DF5-96A3-4234-811C-94E4F6FFE24B}.Release|iPhoneSimulator.ActiveCfg = Release|Any CPU
		{129B7DF5-96A3-4234-811C-94E4F6FFE24B}.Release|iPhoneSimulator.Build.0 = Release|Any CPU
		{129B7DF5-96A3-4234-811C-94E4F6FFE24B}.Release|iPhoneSimulator.Deploy.0 = Release|Any CPU
		{129B7DF5-96A3-4234-811C-94E4F6FFE24B}.Release|x64.ActiveCfg = Release|Any CPU
		{129B7DF5-96A3-4234-811C-94E4F6FFE24B}.Release|x64.Build.0 = Release|Any CPU
		{129B7DF5-96A3-4234-811C-94E4F6FFE24B}.Release|x64.Deploy.0 = Release|Any CPU
		{129B7DF5-96A3-4234-811C-94E4F6FFE24B}.Release|x86.ActiveCfg = Release|Any CPU
		{129B7DF5-96A3-4234-811C-94E4F6FFE24B}.Release|x86.Build.0 = Release|Any CPU
		{129B7DF5-96A3-4234-811C-94E4F6FFE24B}.Release|x86.Deploy.0 = Release|Any CPU
		{C01C8381-79FB-4E49-8323-36253C1FC8AA}.Debug|Any CPU.ActiveCfg = Debug|iPhone
		{C01C8381-79FB-4E49-8323-36253C1FC8AA}.Debug|Any CPU.Build.0 = Debug|iPhone
		{C01C8381-79FB-4E49-8323-36253C1FC8AA}.Debug|Any CPU.Deploy.0 = Debug|iPhone
		{C01C8381-79FB-4E49-8323-36253C1FC8AA}.Debug|ARM.ActiveCfg = Debug|iPhoneSimulator
		{C01C8381-79FB-4E49-8323-36253C1FC8AA}.Debug|ARM.Build.0 = Debug|iPhoneSimulator
		{C01C8381-79FB-4E49-8323-36253C1FC8AA}.Debug|ARM.Deploy.0 = Debug|iPhoneSimulator
		{C01C8381-79FB-4E49-8323-36253C1FC8AA}.Debug|iPhone.ActiveCfg = Debug|iPhone
		{C01C8381-79FB-4E49-8323-36253C1FC8AA}.Debug|iPhone.Build.0 = Debug|iPhone
		{C01C8381-79FB-4E49-8323-36253C1FC8AA}.Debug|iPhone.Deploy.0 = Debug|iPhone
		{C01C8381-79FB-4E49-8323-36253C1FC8AA}.Debug|iPhoneSimulator.ActiveCfg = Debug|iPhoneSimulator
		{C01C8381-79FB-4E49-8323-36253C1FC8AA}.Debug|iPhoneSimulator.Build.0 = Debug|iPhoneSimulator
		{C01C8381-79FB-4E49-8323-36253C1FC8AA}.Debug|iPhoneSimulator.Deploy.0 = Debug|iPhoneSimulator
		{C01C8381-79FB-4E49-8323-36253C1FC8AA}.Debug|x64.ActiveCfg = Debug|iPhone
		{C01C8381-79FB-4E49-8323-36253C1FC8AA}.Debug|x64.Build.0 = Debug|iPhone
		{C01C8381-79FB-4E49-8323-36253C1FC8AA}.Debug|x64.Deploy.0 = Debug|iPhone
		{C01C8381-79FB-4E49-8323-36253C1FC8AA}.Debug|x86.ActiveCfg = Debug|iPhone
		{C01C8381-79FB-4E49-8323-36253C1FC8AA}.Debug|x86.Build.0 = Debug|iPhone
		{C01C8381-79FB-4E49-8323-36253C1FC8AA}.Debug|x86.Deploy.0 = Debug|iPhone
		{C01C8381-79FB-4E49-8323-36253C1FC8AA}.Release|Any CPU.ActiveCfg = Release|iPhone
		{C01C8381-79FB-4E49-8323-36253C1FC8AA}.Release|Any CPU.Build.0 = Release|iPhone
		{C01C8381-79FB-4E49-8323-36253C1FC8AA}.Release|Any CPU.Deploy.0 = Release|iPhone
		{C01C8381-79FB-4E49-8323-36253C1FC8AA}.Release|ARM.ActiveCfg = Release|iPhone
		{C01C8381-79FB-4E49-8323-36253C1FC8AA}.Release|ARM.Build.0 = Release|iPhone
		{C01C8381-79FB-4E49-8323-36253C1FC8AA}.Release|ARM.Deploy.0 = Release|iPhone
		{C01C8381-79FB-4E49-8323-36253C1FC8AA}.Release|iPhone.ActiveCfg = Release|iPhone
		{C01C8381-79FB-4E49-8323-36253C1FC8AA}.Release|iPhone.Build.0 = Release|iPhone
		{C01C8381-79FB-4E49-8323-36253C1FC8AA}.Release|iPhone.Deploy.0 = Release|iPhone
		{C01C8381-79FB-4E49-8323-36253C1FC8AA}.Release|iPhoneSimulator.ActiveCfg = Release|iPhoneSimulator
		{C01C8381-79FB-4E49-8323-36253C1FC8AA}.Release|iPhoneSimulator.Build.0 = Release|iPhoneSimulator
		{C01C8381-79FB-4E49-8323-36253C1FC8AA}.Release|iPhoneSimulator.Deploy.0 = Release|iPhoneSimulator
		{C01C8381-79FB-4E49-8323-36253C1FC8AA}.Release|x64.ActiveCfg = Release|iPhone
		{C01C8381-79FB-4E49-8323-36253C1FC8AA}.Release|x64.Build.0 = Release|iPhone
		{C01C8381-79FB-4E49-8323-36253C1FC8AA}.Release|x64.Deploy.0 = Release|iPhone
		{C01C8381-79FB-4E49-8323-36253C1FC8AA}.Release|x86.ActiveCfg = Release|iPhone
		{C01C8381-79FB-4E49-8323-36253C1FC8AA}.Release|x86.Build.0 = Release|iPhone
		{C01C8381-79FB-4E49-8323-36253C1FC8AA}.Release|x86.Deploy.0 = Release|iPhone
		{49643855-95C5-452B-B35B-780304D5F240}.Debug|Any CPU.ActiveCfg = Debug|Any CPU
		{49643855-95C5-452B-B35B-780304D5F240}.Debug|Any CPU.Build.0 = Debug|Any CPU
		{49643855-95C5-452B-B35B-780304D5F240}.Debug|Any CPU.Deploy.0 = Debug|Any CPU
		{49643855-95C5-452B-B35B-780304D5F240}.Debug|ARM.ActiveCfg = Debug|Any CPU
		{49643855-95C5-452B-B35B-780304D5F240}.Debug|ARM.Build.0 = Debug|Any CPU
		{49643855-95C5-452B-B35B-780304D5F240}.Debug|ARM.Deploy.0 = Debug|Any CPU
		{49643855-95C5-452B-B35B-780304D5F240}.Debug|iPhone.ActiveCfg = Debug|Any CPU
		{49643855-95C5-452B-B35B-780304D5F240}.Debug|iPhone.Build.0 = Debug|Any CPU
		{49643855-95C5-452B-B35B-780304D5F240}.Debug|iPhone.Deploy.0 = Debug|Any CPU
		{49643855-95C5-452B-B35B-780304D5F240}.Debug|iPhoneSimulator.ActiveCfg = Debug|Any CPU
		{49643855-95C5-452B-B35B-780304D5F240}.Debug|iPhoneSimulator.Build.0 = Debug|Any CPU
		{49643855-95C5-452B-B35B-780304D5F240}.Debug|iPhoneSimulator.Deploy.0 = Debug|Any CPU
		{49643855-95C5-452B-B35B-780304D5F240}.Debug|x64.ActiveCfg = Debug|Any CPU
		{49643855-95C5-452B-B35B-780304D5F240}.Debug|x64.Build.0 = Debug|Any CPU
		{49643855-95C5-452B-B35B-780304D5F240}.Debug|x64.Deploy.0 = Debug|Any CPU
		{49643855-95C5-452B-B35B-780304D5F240}.Debug|x86.ActiveCfg = Debug|Any CPU
		{49643855-95C5-452B-B35B-780304D5F240}.Debug|x86.Build.0 = Debug|Any CPU
		{49643855-95C5-452B-B35B-780304D5F240}.Debug|x86.Deploy.0 = Debug|Any CPU
		{49643855-95C5-452B-B35B-780304D5F240}.Release|Any CPU.ActiveCfg = Release|Any CPU
		{49643855-95C5-452B-B35B-780304D5F240}.Release|Any CPU.Build.0 = Release|Any CPU
		{49643855-95C5-452B-B35B-780304D5F240}.Release|Any CPU.Deploy.0 = Release|Any CPU
		{49643855-95C5-452B-B35B-780304D5F240}.Release|ARM.ActiveCfg = Release|Any CPU
		{49643855-95C5-452B-B35B-780304D5F240}.Release|ARM.Build.0 = Release|Any CPU
		{49643855-95C5-452B-B35B-780304D5F240}.Release|ARM.Deploy.0 = Release|Any CPU
		{49643855-95C5-452B-B35B-780304D5F240}.Release|iPhone.ActiveCfg = Release|Any CPU
		{49643855-95C5-452B-B35B-780304D5F240}.Release|iPhone.Build.0 = Release|Any CPU
		{49643855-95C5-452B-B35B-780304D5F240}.Release|iPhone.Deploy.0 = Release|Any CPU
		{49643855-95C5-452B-B35B-780304D5F240}.Release|iPhoneSimulator.ActiveCfg = Release|Any CPU
		{49643855-95C5-452B-B35B-780304D5F240}.Release|iPhoneSimulator.Build.0 = Release|Any CPU
		{49643855-95C5-452B-B35B-780304D5F240}.Release|iPhoneSimulator.Deploy.0 = Release|Any CPU
		{49643855-95C5-452B-B35B-780304D5F240}.Release|x64.ActiveCfg = Release|Any CPU
		{49643855-95C5-452B-B35B-780304D5F240}.Release|x64.Build.0 = Release|Any CPU
		{49643855-95C5-452B-B35B-780304D5F240}.Release|x64.Deploy.0 = Release|Any CPU
		{49643855-95C5-452B-B35B-780304D5F240}.Release|x86.ActiveCfg = Release|Any CPU
		{49643855-95C5-452B-B35B-780304D5F240}.Release|x86.Build.0 = Release|Any CPU
		{49643855-95C5-452B-B35B-780304D5F240}.Release|x86.Deploy.0 = Release|Any CPU
	EndGlobalSection
	GlobalSection(SolutionProperties) = preSolution
		HideSolutionNode = FALSE
	EndGlobalSection
	GlobalSection(ExtensibilityGlobals) = postSolution
		SolutionGuid = {3C4537A4-CF0A-463B-9752-8DEC5B14899E}
	EndGlobalSection
EndGlobal
